// !$*UTF8*$!
{
	archiveVersion = 1;
	classes = {
	};
	objectVersion = 46;
	objects = {

/* Begin PBXBuildFile section */
		BC69E4F01D91642300E38845 /* main.m in Sources */ = {isa = PBXBuildFile; fileRef = BC69E4EF1D91642300E38845 /* main.m */; };
		BC69E4F31D91642300E38845 /* AppDelegate.m in Sources */ = {isa = PBXBuildFile; fileRef = BC69E4F21D91642300E38845 /* AppDelegate.m */; };
		BC69E4F91D91642300E38845 /* Main.storyboard in Resources */ = {isa = PBXBuildFile; fileRef = BC69E4F71D91642300E38845 /* Main.storyboard */; };
		BC69E4FB1D91642300E38845 /* Assets.xcassets in Resources */ = {isa = PBXBuildFile; fileRef = BC69E4FA1D91642300E38845 /* Assets.xcassets */; };
		BC69E4FE1D91642300E38845 /* LaunchScreen.storyboard in Resources */ = {isa = PBXBuildFile; fileRef = BC69E4FC1D91642300E38845 /* LaunchScreen.storyboard */; };
		BC69E5091D91642300E38845 /* NoteByYGZTests.m in Sources */ = {isa = PBXBuildFile; fileRef = BC69E5081D91642300E38845 /* NoteByYGZTests.m */; };
		BC69E5141D91642300E38845 /* NoteByYGZUITests.m in Sources */ = {isa = PBXBuildFile; fileRef = BC69E5131D91642300E38845 /* NoteByYGZUITests.m */; };
		BC69E5291D91654C00E38845 /* ViewController.m in Sources */ = {isa = PBXBuildFile; fileRef = BC69E5281D91654C00E38845 /* ViewController.m */; };
/* End PBXBuildFile section */

/* Begin PBXContainerItemProxy section */
		BC69E5051D91642300E38845 /* PBXContainerItemProxy */ = {
			isa = PBXContainerItemProxy;
			containerPortal = BC69E4E31D91642300E38845 /* Project object */;
			proxyType = 1;
			remoteGlobalIDString = BC69E4EA1D91642300E38845;
			remoteInfo = NoteByYGZ;
		};
		BC69E5101D91642300E38845 /* PBXContainerItemProxy */ = {
			isa = PBXContainerItemProxy;
			containerPortal = BC69E4E31D91642300E38845 /* Project object */;
			proxyType = 1;
			remoteGlobalIDString = BC69E4EA1D91642300E38845;
			remoteInfo = NoteByYGZ;
		};
/* End PBXContainerItemProxy section */

/* Begin PBXFileReference section */
		BC69E4EB1D91642300E38845 /* NoteByYGZ.app */ = {isa = PBXFileReference; explicitFileType = wrapper.application; includeInIndex = 0; path = NoteByYGZ.app; sourceTree = BUILT_PRODUCTS_DIR; };
		BC69E4EF1D91642300E38845 /* main.m */ = {isa = PBXFileReference; lastKnownFileType = sourcecode.c.objc; path = main.m; sourceTree = "<group>"; };
		BC69E4F11D91642300E38845 /* AppDelegate.h */ = {isa = PBXFileReference; lastKnownFileType = sourcecode.c.h; path = AppDelegate.h; sourceTree = "<group>"; };
		BC69E4F21D91642300E38845 /* AppDelegate.m */ = {isa = PBXFileReference; lastKnownFileType = sourcecode.c.objc; path = AppDelegate.m; sourceTree = "<group>"; };
		BC69E4F81D91642300E38845 /* Base */ = {isa = PBXFileReference; lastKnownFileType = file.storyboard; name = Base; path = Base.lproj/Main.storyboard; sourceTree = "<group>"; };
		BC69E4FA1D91642300E38845 /* Assets.xcassets */ = {isa = PBXFileReference; lastKnownFileType = folder.assetcatalog; name = Assets.xcassets; path = ../Assets.xcassets; sourceTree = "<group>"; };
		BC69E4FD1D91642300E38845 /* Base */ = {isa = PBXFileReference; lastKnownFileType = file.storyboard; name = Base; path = Base.lproj/LaunchScreen.storyboard; sourceTree = "<group>"; };
		BC69E4FF1D91642300E38845 /* Info.plist */ = {isa = PBXFileReference; lastKnownFileType = text.plist.xml; name = Info.plist; path = ../Info.plist; sourceTree = "<group>"; };
		BC69E5041D91642300E38845 /* NoteByYGZTests.xctest */ = {isa = PBXFileReference; explicitFileType = wrapper.cfbundle; includeInIndex = 0; path = NoteByYGZTests.xctest; sourceTree = BUILT_PRODUCTS_DIR; };
		BC69E5081D91642300E38845 /* NoteByYGZTests.m */ = {isa = PBXFileReference; lastKnownFileType = sourcecode.c.objc; path = NoteByYGZTests.m; sourceTree = "<group>"; };
		BC69E50A1D91642300E38845 /* Info.plist */ = {isa = PBXFileReference; lastKnownFileType = text.plist.xml; path = Info.plist; sourceTree = "<group>"; };
		BC69E50F1D91642300E38845 /* NoteByYGZUITests.xctest */ = {isa = PBXFileReference; explicitFileType = wrapper.cfbundle; includeInIndex = 0; path = NoteByYGZUITests.xctest; sourceTree = BUILT_PRODUCTS_DIR; };
		BC69E5131D91642300E38845 /* NoteByYGZUITests.m */ = {isa = PBXFileReference; lastKnownFileType = sourcecode.c.objc; path = NoteByYGZUITests.m; sourceTree = "<group>"; };
		BC69E5151D91642300E38845 /* Info.plist */ = {isa = PBXFileReference; lastKnownFileType = text.plist.xml; path = Info.plist; sourceTree = "<group>"; };
		BC69E5231D9164F500E38845 /* PrefixHeader.pch */ = {isa = PBXFileReference; fileEncoding = 4; lastKnownFileType = sourcecode.c.h; path = PrefixHeader.pch; sourceTree = "<group>"; };
		BC69E5271D91654C00E38845 /* ViewController.h */ = {isa = PBXFileReference; fileEncoding = 4; lastKnownFileType = sourcecode.c.h; path = ViewController.h; sourceTree = "<group>"; };
		BC69E5281D91654C00E38845 /* ViewController.m */ = {isa = PBXFileReference; fileEncoding = 4; lastKnownFileType = sourcecode.c.objc; path = ViewController.m; sourceTree = "<group>"; };
/* End PBXFileReference section */

/* Begin PBXFrameworksBuildPhase section */
		BC69E4E81D91642300E38845 /* Frameworks */ = {
			isa = PBXFrameworksBuildPhase;
			buildActionMask = 2147483647;
			files = (
			);
			runOnlyForDeploymentPostprocessing = 0;
		};
		BC69E5011D91642300E38845 /* Frameworks */ = {
			isa = PBXFrameworksBuildPhase;
			buildActionMask = 2147483647;
			files = (
			);
			runOnlyForDeploymentPostprocessing = 0;
		};
		BC69E50C1D91642300E38845 /* Frameworks */ = {
			isa = PBXFrameworksBuildPhase;
			buildActionMask = 2147483647;
			files = (
			);
			runOnlyForDeploymentPostprocessing = 0;
		};
/* End PBXFrameworksBuildPhase section */

/* Begin PBXGroup section */
		BC69E4E21D91642300E38845 = {
			isa = PBXGroup;
			children = (
				BC69E4ED1D91642300E38845 /* NoteByYGZ */,
				BC69E5071D91642300E38845 /* NoteByYGZTests */,
				BC69E5121D91642300E38845 /* NoteByYGZUITests */,
				BC69E4EC1D91642300E38845 /* Products */,
			);
			sourceTree = "<group>";
		};
		BC69E4EC1D91642300E38845 /* Products */ = {
			isa = PBXGroup;
			children = (
				BC69E4EB1D91642300E38845 /* NoteByYGZ.app */,
				BC69E5041D91642300E38845 /* NoteByYGZTests.xctest */,
				BC69E50F1D91642300E38845 /* NoteByYGZUITests.xctest */,
			);
			name = Products;
			sourceTree = "<group>";
		};
		BC69E4ED1D91642300E38845 /* NoteByYGZ */ = {
			isa = PBXGroup;
			children = (
				BC69E5211D9164F500E38845 /* Model */,
				BC69E5221D9164F500E38845 /* Resource */,
				BC69E5241D9164F500E38845 /* Util */,
				BC69E5251D9164F500E38845 /* View */,
				BC69E5261D9164F500E38845 /* ViewController */,
				BC69E4F11D91642300E38845 /* AppDelegate.h */,
				BC69E4F21D91642300E38845 /* AppDelegate.m */,
				BC69E4EE1D91642300E38845 /* Supporting Files */,
			);
			path = NoteByYGZ;
			sourceTree = "<group>";
		};
		BC69E4EE1D91642300E38845 /* Supporting Files */ = {
			isa = PBXGroup;
			children = (
				BC69E4EF1D91642300E38845 /* main.m */,
			);
			name = "Supporting Files";
			sourceTree = "<group>";
		};
		BC69E5071D91642300E38845 /* NoteByYGZTests */ = {
			isa = PBXGroup;
			children = (
				BC69E5081D91642300E38845 /* NoteByYGZTests.m */,
				BC69E50A1D91642300E38845 /* Info.plist */,
			);
			path = NoteByYGZTests;
			sourceTree = "<group>";
		};
		BC69E5121D91642300E38845 /* NoteByYGZUITests */ = {
			isa = PBXGroup;
			children = (
				BC69E5131D91642300E38845 /* NoteByYGZUITests.m */,
				BC69E5151D91642300E38845 /* Info.plist */,
			);
			path = NoteByYGZUITests;
			sourceTree = "<group>";
		};
		BC69E5211D9164F500E38845 /* Model */ = {
			isa = PBXGroup;
			children = (
			);
			path = Model;
			sourceTree = "<group>";
		};
		BC69E5221D9164F500E38845 /* Resource */ = {
			isa = PBXGroup;
			children = (
				BC69E4F71D91642300E38845 /* Main.storyboard */,
				BC69E4FA1D91642300E38845 /* Assets.xcassets */,
				BC69E4FC1D91642300E38845 /* LaunchScreen.storyboard */,
				BC69E4FF1D91642300E38845 /* Info.plist */,
				BC69E5231D9164F500E38845 /* PrefixHeader.pch */,
			);
			path = Resource;
			sourceTree = "<group>";
		};
		BC69E5241D9164F500E38845 /* Util */ = {
			isa = PBXGroup;
			children = (
			);
			path = Util;
			sourceTree = "<group>";
		};
		BC69E5251D9164F500E38845 /* View */ = {
			isa = PBXGroup;
			children = (
			);
			path = View;
			sourceTree = "<group>";
		};
		BC69E5261D9164F500E38845 /* ViewController */ = {
			isa = PBXGroup;
			children = (
				BC69E5271D91654C00E38845 /* ViewController.h */,
				BC69E5281D91654C00E38845 /* ViewController.m */,
			);
			path = ViewController;
			sourceTree = "<group>";
		};
/* End PBXGroup section */

/* Begin PBXNativeTarget section */
		BC69E4EA1D91642300E38845 /* NoteByYGZ */ = {
			isa = PBXNativeTarget;
			buildConfigurationList = BC69E5181D91642300E38845 /* Build configuration list for PBXNativeTarget "NoteByYGZ" */;
			buildPhases = (
				BC69E4E71D91642300E38845 /* Sources */,
				BC69E4E81D91642300E38845 /* Frameworks */,
				BC69E4E91D91642300E38845 /* Resources */,
			);
			buildRules = (
			);
			dependencies = (
			);
			name = NoteByYGZ;
			productName = NoteByYGZ;
			productReference = BC69E4EB1D91642300E38845 /* NoteByYGZ.app */;
			productType = "com.apple.product-type.application";
		};
		BC69E5031D91642300E38845 /* NoteByYGZTests */ = {
			isa = PBXNativeTarget;
			buildConfigurationList = BC69E51B1D91642300E38845 /* Build configuration list for PBXNativeTarget "NoteByYGZTests" */;
			buildPhases = (
				BC69E5001D91642300E38845 /* Sources */,
				BC69E5011D91642300E38845 /* Frameworks */,
				BC69E5021D91642300E38845 /* Resources */,
			);
			buildRules = (
			);
			dependencies = (
				BC69E5061D91642300E38845 /* PBXTargetDependency */,
			);
			name = NoteByYGZTests;
			productName = NoteByYGZTests;
			productReference = BC69E5041D91642300E38845 /* NoteByYGZTests.xctest */;
			productType = "com.apple.product-type.bundle.unit-test";
		};
		BC69E50E1D91642300E38845 /* NoteByYGZUITests */ = {
			isa = PBXNativeTarget;
			buildConfigurationList = BC69E51E1D91642300E38845 /* Build configuration list for PBXNativeTarget "NoteByYGZUITests" */;
			buildPhases = (
				BC69E50B1D91642300E38845 /* Sources */,
				BC69E50C1D91642300E38845 /* Frameworks */,
				BC69E50D1D91642300E38845 /* Resources */,
			);
			buildRules = (
			);
			dependencies = (
				BC69E5111D91642300E38845 /* PBXTargetDependency */,
			);
			name = NoteByYGZUITests;
			productName = NoteByYGZUITests;
			productReference = BC69E50F1D91642300E38845 /* NoteByYGZUITests.xctest */;
			productType = "com.apple.product-type.bundle.ui-testing";
		};
/* End PBXNativeTarget section */

/* Begin PBXProject section */
		BC69E4E31D91642300E38845 /* Project object */ = {
			isa = PBXProject;
			attributes = {
				LastUpgradeCheck = 0710;
				ORGANIZATIONNAME = YGZ;
				TargetAttributes = {
					BC69E4EA1D91642300E38845 = {
						CreatedOnToolsVersion = 7.1;
						DevelopmentTeam = DCTTFXA874;
					};
					BC69E5031D91642300E38845 = {
						CreatedOnToolsVersion = 7.1;
						DevelopmentTeam = DCTTFXA874;
						TestTargetID = BC69E4EA1D91642300E38845;
					};
					BC69E50E1D91642300E38845 = {
						CreatedOnToolsVersion = 7.1;
						DevelopmentTeam = DCTTFXA874;
						TestTargetID = BC69E4EA1D91642300E38845;
					};
				};
			};
			buildConfigurationList = BC69E4E61D91642300E38845 /* Build configuration list for PBXProject "NoteByYGZ" */;
			compatibilityVersion = "Xcode 3.2";
			developmentRegion = English;
			hasScannedForEncodings = 0;
			knownRegions = (
				en,
				Base,
			);
			mainGroup = BC69E4E21D91642300E38845;
			productRefGroup = BC69E4EC1D91642300E38845 /* Products */;
			projectDirPath = "";
			projectRoot = "";
			targets = (
				BC69E4EA1D91642300E38845 /* NoteByYGZ */,
				BC69E5031D91642300E38845 /* NoteByYGZTests */,
				BC69E50E1D91642300E38845 /* NoteByYGZUITests */,
			);
		};
/* End PBXProject section */

/* Begin PBXResourcesBuildPhase section */
		BC69E4E91D91642300E38845 /* Resources */ = {
			isa = PBXResourcesBuildPhase;
			buildActionMask = 2147483647;
			files = (
				BC69E4FE1D91642300E38845 /* LaunchScreen.storyboard in Resources */,
				BC69E4FB1D91642300E38845 /* Assets.xcassets in Resources */,
				BC69E4F91D91642300E38845 /* Main.storyboard in Resources */,
			);
			runOnlyForDeploymentPostprocessing = 0;
		};
		BC69E5021D91642300E38845 /* Resources */ = {
			isa = PBXResourcesBuildPhase;
			buildActionMask = 2147483647;
			files = (
			);
			runOnlyForDeploymentPostprocessing = 0;
		};
		BC69E50D1D91642300E38845 /* Resources */ = {
			isa = PBXResourcesBuildPhase;
			buildActionMask = 2147483647;
			files = (
			);
			runOnlyForDeploymentPostprocessing = 0;
		};
/* End PBXResourcesBuildPhase section */

/* Begin PBXSourcesBuildPhase section */
		BC69E4E71D91642300E38845 /* Sources */ = {
			isa = PBXSourcesBuildPhase;
			buildActionMask = 2147483647;
			files = (
				BC69E5291D91654C00E38845 /* ViewController.m in Sources */,
				BC69E4F31D91642300E38845 /* AppDelegate.m in Sources */,
				BC69E4F01D91642300E38845 /* main.m in Sources */,
			);
			runOnlyForDeploymentPostprocessing = 0;
		};
		BC69E5001D91642300E38845 /* Sources */ = {
			isa = PBXSourcesBuildPhase;
			buildActionMask = 2147483647;
			files = (
				BC69E5091D91642300E38845 /* NoteByYGZTests.m in Sources */,
			);
			runOnlyForDeploymentPostprocessing = 0;
		};
		BC69E50B1D91642300E38845 /* Sources */ = {
			isa = PBXSourcesBuildPhase;
			buildActionMask = 2147483647;
			files = (
				BC69E5141D91642300E38845 /* NoteByYGZUITests.m in Sources */,
			);
			runOnlyForDeploymentPostprocessing = 0;
		};
/* End PBXSourcesBuildPhase section */

/* Begin PBXTargetDependency section */
		BC69E5061D91642300E38845 /* PBXTargetDependency */ = {
			isa = PBXTargetDependency;
			target = BC69E4EA1D91642300E38845 /* NoteByYGZ */;
			targetProxy = BC69E5051D91642300E38845 /* PBXContainerItemProxy */;
		};
		BC69E5111D91642300E38845 /* PBXTargetDependency */ = {
			isa = PBXTargetDependency;
			target = BC69E4EA1D91642300E38845 /* NoteByYGZ */;
			targetProxy = BC69E5101D91642300E38845 /* PBXContainerItemProxy */;
		};
/* End PBXTargetDependency section */

/* Begin PBXVariantGroup section */
		BC69E4F71D91642300E38845 /* Main.storyboard */ = {
			isa = PBXVariantGroup;
			children = (
				BC69E4F81D91642300E38845 /* Base */,
			);
			name = Main.storyboard;
			path = ..;
			sourceTree = "<group>";
		};
		BC69E4FC1D91642300E38845 /* LaunchScreen.storyboard */ = {
			isa = PBXVariantGroup;
			children = (
				BC69E4FD1D91642300E38845 /* Base */,
			);
			name = LaunchScreen.storyboard;
			path = ..;
			sourceTree = "<group>";
		};
/* End PBXVariantGroup section */

/* Begin XCBuildConfiguration section */
		BC69E5161D91642300E38845 /* Debug */ = {
			isa = XCBuildConfiguration;
			buildSettings = {
				ALWAYS_SEARCH_USER_PATHS = NO;
				CLANG_CXX_LANGUAGE_STANDARD = "gnu++0x";
				CLANG_CXX_LIBRARY = "libc++";
				CLANG_ENABLE_MODULES = YES;
				CLANG_ENABLE_OBJC_ARC = YES;
				CLANG_WARN_BOOL_CONVERSION = YES;
				CLANG_WARN_CONSTANT_CONVERSION = YES;
				CLANG_WARN_DIRECT_OBJC_ISA_USAGE = YES_ERROR;
				CLANG_WARN_EMPTY_BODY = YES;
				CLANG_WARN_ENUM_CONVERSION = YES;
				CLANG_WARN_INT_CONVERSION = YES;
				CLANG_WARN_OBJC_ROOT_CLASS = YES_ERROR;
				CLANG_WARN_UNREACHABLE_CODE = YES;
				CLANG_WARN__DUPLICATE_METHOD_MATCH = YES;
				"CODE_SIGN_IDENTITY[sdk=iphoneos*]" = "iPhone Developer";
				COPY_PHASE_STRIP = NO;
				DEBUG_INFORMATION_FORMAT = dwarf;
				ENABLE_STRICT_OBJC_MSGSEND = YES;
				ENABLE_TESTABILITY = YES;
				GCC_C_LANGUAGE_STANDARD = gnu99;
				GCC_DYNAMIC_NO_PIC = NO;
				GCC_NO_COMMON_BLOCKS = YES;
				GCC_OPTIMIZATION_LEVEL = 0;
				GCC_PREPROCESSOR_DEFINITIONS = (
					"DEBUG=1",
					"$(inherited)",
				);
				GCC_WARN_64_TO_32_BIT_CONVERSION = YES;
				GCC_WARN_ABOUT_RETURN_TYPE = YES_ERROR;
				GCC_WARN_UNDECLARED_SELECTOR = YES;
				GCC_WARN_UNINITIALIZED_AUTOS = YES_AGGRESSIVE;
				GCC_WARN_UNUSED_FUNCTION = YES;
				GCC_WARN_UNUSED_VARIABLE = YES;
				IPHONEOS_DEPLOYMENT_TARGET = 9.1;
				MTL_ENABLE_DEBUG_INFO = YES;
				ONLY_ACTIVE_ARCH = YES;
				SDKROOT = iphoneos;
				TARGETED_DEVICE_FAMILY = "1,2";
			};
			name = Debug;
		};
		BC69E5171D91642300E38845 /* Release */ = {
			isa = XCBuildConfiguration;
			buildSettings = {
				ALWAYS_SEARCH_USER_PATHS = NO;
				CLANG_CXX_LANGUAGE_STANDARD = "gnu++0x";
				CLANG_CXX_LIBRARY = "libc++";
				CLANG_ENABLE_MODULES = YES;
				CLANG_ENABLE_OBJC_ARC = YES;
				CLANG_WARN_BOOL_CONVERSION = YES;
				CLANG_WARN_CONSTANT_CONVERSION = YES;
				CLANG_WARN_DIRECT_OBJC_ISA_USAGE = YES_ERROR;
				CLANG_WARN_EMPTY_BODY = YES;
				CLANG_WARN_ENUM_CONVERSION = YES;
				CLANG_WARN_INT_CONVERSION = YES;
				CLANG_WARN_OBJC_ROOT_CLASS = YES_ERROR;
				CLANG_WARN_UNREACHABLE_CODE = YES;
				CLANG_WARN__DUPLICATE_METHOD_MATCH = YES;
				"CODE_SIGN_IDENTITY[sdk=iphoneos*]" = "iPhone Developer";
				COPY_PHASE_STRIP = NO;
				DEBUG_INFORMATION_FORMAT = "dwarf-with-dsym";
				ENABLE_NS_ASSERTIONS = NO;
				ENABLE_STRICT_OBJC_MSGSEND = YES;
				GCC_C_LANGUAGE_STANDARD = gnu99;
				GCC_NO_COMMON_BLOCKS = YES;
				GCC_WARN_64_TO_32_BIT_CONVERSION = YES;
				GCC_WARN_ABOUT_RETURN_TYPE = YES_ERROR;
				GCC_WARN_UNDECLARED_SELECTOR = YES;
				GCC_WARN_UNINITIALIZED_AUTOS = YES_AGGRESSIVE;
				GCC_WARN_UNUSED_FUNCTION = YES;
				GCC_WARN_UNUSED_VARIABLE = YES;
				IPHONEOS_DEPLOYMENT_TARGET = 9.1;
				MTL_ENABLE_DEBUG_INFO = NO;
				SDKROOT = iphoneos;
				TARGETED_DEVICE_FAMILY = "1,2";
				VALIDATE_PRODUCT = YES;
			};
			name = Release;
		};
		BC69E5191D91642300E38845 /* Debug */ = {
			isa = XCBuildConfiguration;
			buildSettings = {
				ASSETCATALOG_COMPILER_APPICON_NAME = AppIcon;
				INFOPLIST_FILE = NoteByYGZ/Info.plist;
				LD_RUNPATH_SEARCH_PATHS = "$(inherited) @executable_path/Frameworks";
				PRODUCT_BUNDLE_IDENTIFIER = ZHEN.NoteByYGZ;
				PRODUCT_NAME = "$(TARGET_NAME)";
			};
			name = Debug;
		};
		BC69E51A1D91642300E38845 /* Release */ = {
			isa = XCBuildConfiguration;
			buildSettings = {
				ASSETCATALOG_COMPILER_APPICON_NAME = AppIcon;
				INFOPLIST_FILE = NoteByYGZ/Info.plist;
				LD_RUNPATH_SEARCH_PATHS = "$(inherited) @executable_path/Frameworks";
				PRODUCT_BUNDLE_IDENTIFIER = ZHEN.NoteByYGZ;
				PRODUCT_NAME = "$(TARGET_NAME)";
			};
			name = Release;
		};
		BC69E51C1D91642300E38845 /* Debug */ = {
			isa = XCBuildConfiguration;
			buildSettings = {
				BUNDLE_LOADER = "$(TEST_HOST)";
				INFOPLIST_FILE = NoteByYGZTests/Info.plist;
				LD_RUNPATH_SEARCH_PATHS = "$(inherited) @executable_path/Frameworks @loader_path/Frameworks";
				PRODUCT_BUNDLE_IDENTIFIER = ZHEN.NoteByYGZTests;
				PRODUCT_NAME = "$(TARGET_NAME)";
				TEST_HOST = "$(BUILT_PRODUCTS_DIR)/NoteByYGZ.app/NoteByYGZ";
			};
			name = Debug;
		};
		BC69E51D1D91642300E38845 /* Release */ = {
			isa = XCBuildConfiguration;
			buildSettings = {
				BUNDLE_LOADER = "$(TEST_HOST)";
				INFOPLIST_FILE = NoteByYGZTests/Info.plist;
				LD_RUNPATH_SEARCH_PATHS = "$(inherited) @executable_path/Frameworks @loader_path/Frameworks";
				PRODUCT_BUNDLE_IDENTIFIER = ZHEN.NoteByYGZTests;
				PRODUCT_NAME = "$(TARGET_NAME)";
				TEST_HOST = "$(BUILT_PRODUCTS_DIR)/NoteByYGZ.app/NoteByYGZ";
			};
			name = Release;
		};
		BC69E51F1D91642300E38845 /* Debug */ = {
			isa = XCBuildConfiguration;
			buildSettings = {
				INFOPLIST_FILE = NoteByYGZUITests/Info.plist;
				LD_RUNPATH_SEARCH_PATHS = "$(inherited) @executable_path/Frameworks @loader_path/Frameworks";
				PRODUCT_BUNDLE_IDENTIFIER = ZHEN.NoteByYGZUITests;
				PRODUCT_NAME = "$(TARGET_NAME)";
				TEST_TARGET_NAME = NoteByYGZ;
				USES_XCTRUNNER = YES;
			};
			name = Debug;
		};
		BC69E5201D91642300E38845 /* Release */ = {
			isa = XCBuildConfiguration;
			buildSettings = {
				INFOPLIST_FILE = NoteByYGZUITests/Info.plist;
				LD_RUNPATH_SEARCH_PATHS = "$(inherited) @executable_path/Frameworks @loader_path/Frameworks";
				PRODUCT_BUNDLE_IDENTIFIER = ZHEN.NoteByYGZUITests;
				PRODUCT_NAME = "$(TARGET_NAME)";
				TEST_TARGET_NAME = NoteByYGZ;
				USES_XCTRUNNER = YES;
			};
			name = Release;
		};
/* End XCBuildConfiguration section */

/* Begin XCConfigurationList section */
		BC69E4E61D91642300E38845 /* Build configuration list for PBXProject "NoteByYGZ" */ = {
			isa = XCConfigurationList;
			buildConfigurations = (
				BC69E5161D91642300E38845 /* Debug */,
				BC69E5171D91642300E38845 /* Release */,
			);
			defaultConfigurationIsVisible = 0;
			defaultConfigurationName = Release;
		};
		BC69E5181D91642300E38845 /* Build configuration list for PBXNativeTarget "NoteByYGZ" */ = {
			isa = XCConfigurationList;
			buildConfigurations = (
				BC69E5191D91642300E38845 /* Debug */,
				BC69E51A1D91642300E38845 /* Release */,
			);
			defaultConfigurationIsVisible = 0;
		};
		BC69E51B1D91642300E38845 /* Build configuration list for PBXNativeTarget "NoteByYGZTests" */ = {
			isa = XCConfigurationList;
			buildConfigurations = (
				BC69E51C1D91642300E38845 /* Debug */,
				BC69E51D1D91642300E38845 /* Release */,
			);
			defaultConfigurationIsVisible = 0;
		};
		BC69E51E1D91642300E38845 /* Build configuration list for PBXNativeTarget "NoteByYGZUITests" */ = {
			isa = XCConfigurationList;
			buildConfigurations = (
				BC69E51F1D91642300E38845 /* Debug */,
				BC69E5201D91642300E38845 /* Release */,
			);
			defaultConfigurationIsVisible = 0;
		};
/* End XCConfigurationList section */
	};
	rootObject = BC69E4E31D91642300E38845 /* Project object */;
}
